PODS:
  - Expecta (1.0.6)
  - FLAnimatedImage (1.0.12)
  - SDWebImage/Core (5.0.0-beta2)
  - SDWebImageFLPlugin (0.2.0):
    - FLAnimatedImage (>= 1.0.11)
    - SDWebImage/Core (>= 5.0.0-beta2)

DEPENDENCIES:
  - Expecta
  - SDWebImage/Core (from `https://github.com/rs/SDWebImage.git`, branch `5.x`)
  - SDWebImageFLPlugin (from `../`)

EXTERNAL SOURCES:
  SDWebImage:
    :branch: 5.x
    :git: https://github.com/rs/SDWebImage.git
  SDWebImageFLPlugin:
    :path: ../

CHECKOUT OPTIONS:
  SDWebImage:
    :commit: 2bb336bc12a5690dd11988c0bc8bef2c7318508d
    :git: https://github.com/rs/SDWebImage.git

SPEC CHECKSUMS:
  Expecta: 3b6bd90a64b9a1dcb0b70aa0e10a7f8f631667d5
  FLAnimatedImage: 4a0b56255d9b05f18b6dd7ee06871be5d3b89e31
  SDWebImage: 8e4aaf5805e954ad426702adf5a8c012a7f581d1
  SDWebImageFLPlugin: 6661abba103bcdc5568d7921b2d46783f8bf5d86

PODFILE CHECKSUM: 8799d7ffb8110aa236576014629fd649a82f0bc4

COCOAPODS: 1.4.0
