PODS:
  - FLAnimatedImage (1.0.12)
  - SDWebImage/Core (4.4.1)
  - SDWebImageFLPlugin (1.0.0):
    - FLAnimatedImage (~> 1.0)
    - SDWebImage/Core

DEPENDENCIES:
  - "SDWebImage/Core (from `git@github.com:rs/SDWebImage.git`, branch `5.x`)"
  - SDWebImageFLPlugin (from `../`)

SPEC REPOS:
  https://github.com/CocoaPods/Specs.git:
    - FLAnimatedImage

EXTERNAL SOURCES:
  SDWebImage:
    :branch: 5.x
    :git: "git@github.com:rs/SDWebImage.git"
  SDWebImageFLPlugin:
    :path: "../"

CHECKOUT OPTIONS:
  SDWebImage:
    :commit: f8fe88633495f9a95560ed9160d0634f04c071ae
    :git: "git@github.com:rs/SDWebImage.git"

SPEC CHECKSUMS:
  FLAnimatedImage: 4a0b56255d9b05f18b6dd7ee06871be5d3b89e31
  SDWebImage: 2fd243f0dff71c0e55ef380e9ce81a0e0979b11e
  SDWebImageFLPlugin: 2d4afc2a7547ac39348347a7f9dbdb1cc52842d8

PODFILE CHECKSUM: cd3e4802b12d868569616f03db55ebb3519e50ee

COCOAPODS: 1.5.0
