PODS:
  - FLAnimatedImage (1.0.12)
  - SDWebImage/Core (5.0.0-beta)
  - SDWebImageFLPlugin (0.1.0):
    - FLAnimatedImage (>= 1.0.11)
    - SDWebImage/Core (>= 5.0.0-beta)

DEPENDENCIES:
  - SDWebImage/Core (from `../../SDWebImage`)
  - SDWebImageFLPlugin (from `../`)

EXTERNAL SOURCES:
  SDWebImage:
    :path: ../../SDWebImage
  SDWebImageFLPlugin:
    :path: ../

SPEC CHECKSUMS:
  FLAnimatedImage: 4a0b56255d9b05f18b6dd7ee06871be5d3b89e31
  SDWebImage: 71477761c34d186f16da28bd0b042992b37d0bc6
  SDWebImageFLPlugin: afb1876afe305cb2a20f091e8782ba552007805e

PODFILE CHECKSUM: d1da73fa0e15a4b327e1549474c428bb91f3ee39

COCOAPODS: 1.4.0
